
Microsoft Visual Studio Solution File, Format Version 12.00
# Visual Studio Version 16
VisualStudioVersion = 16.0.33927.289
MinimumVisualStudioVersion = 10.0.40219.1
Project("{2150E333-8FDC-42A3-9474-1A3956D46DE8}") = "Task0", "Task0", "{5B4828DD-5EDA-4D6F-BF08-1FF880D1A9B2}"
EndProject
Project("{FAE04EC0-301F-11D3-BF4B-00C04F79EFBC}") = "Tyuiu.TkachukSS.Sprint1.Task0.V0", "Tyuiu.TkachukSS.Sprint1.Task0.V0\Tyuiu.TkachukSS.Sprint1.Task0.V0.csproj", "{49D0D3CD-543E-447B-AC63-E4519141332F}"
EndProject
Project("{FAE04EC0-301F-11D3-BF4B-00C04F79EFBC}") = "Tyuiu.TkachukSS.Sprint1.Task0.V0.Test", "Tyuiu.TkachukSS.Sprint1.Task0.V0.Test\Tyuiu.TkachukSS.Sprint1.Task0.V0.Test.csproj", "{67F05D33-50F1-4253-8319-21A674A035ED}"
EndProject
Project("{FAE04EC0-301F-11D3-BF4B-00C04F79EFBC}") = "Tyuiu.TkachukSS.Sprint1.Task0.V0.Lib", "Tyuiu.TkachukSS.Sprint1.Task0.V0.Lib\Tyuiu.TkachukSS.Sprint1.Task0.V0.Lib.csproj", "{42195E5E-91E4-4D88-9DFE-CF362EF775BF}"
EndProject
Project("{2150E333-8FDC-42A3-9474-1A3956D46DE8}") = "Task1", "Task1", "{895423C4-8104-4F27-AE5D-32D9F67E4A83}"
EndProject
Project("{FAE04EC0-301F-11D3-BF4B-00C04F79EFBC}") = "Tyuiu.TkachukSS.Sprint1.Task1.V0", "Tyuiu.TkachukSS.Sprint1.Task1.V0\Tyuiu.TkachukSS.Sprint1.Task1.V0.csproj", "{B53D190B-0892-4A1D-A9FE-596C553EBBF5}"
EndProject
Project("{FAE04EC0-301F-11D3-BF4B-00C04F79EFBC}") = "Tyuiu.TkachukSS.Sprint1.Task1.V0.Lib", "Tyuiu.TkachukSS.Sprint1.Task1.V0.Lib\Tyuiu.TkachukSS.Sprint1.Task1.V0.Lib.csproj", "{8BB8E106-AF4A-4B53-BBBA-1739C569A74C}"
EndProject
Project("{FAE04EC0-301F-11D3-BF4B-00C04F79EFBC}") = "Tyuiu.TkachukSS.Sprint1.Task1.V0.Test", "Tyuiu.TkachukSS.Sprint1.Task1.V0.Test\Tyuiu.TkachukSS.Sprint1.Task1.V0.Test.csproj", "{4CEBC941-D024-4758-9D33-C57C9A348D89}"
EndProject
Project("{2150E333-8FDC-42A3-9474-1A3956D46DE8}") = "Task2", "Task2", "{071760B4-23D9-48C0-87C1-7991097A400B}"
EndProject
Project("{FAE04EC0-301F-11D3-BF4B-00C04F79EFBC}") = "Tyuiu.TkachukSS.Sprint1.Task2.V0", "Tyuiu.TkachukSS.Sprint1.Task2.V0\Tyuiu.TkachukSS.Sprint1.Task2.V0.csproj", "{5F8191E0-6BA0-4886-B5EA-075A37EC59DE}"
EndProject
Project("{FAE04EC0-301F-11D3-BF4B-00C04F79EFBC}") = "Tyuiu.TkachukSS.Sprint1.Task2.V0.Test", "Tyuiu.TkachukSS.Sprint1.Task2.V0.Test\Tyuiu.TkachukSS.Sprint1.Task2.V0.Test.csproj", "{2CE907B6-C7C8-491C-B156-B72A9853B26B}"
EndProject
Project("{FAE04EC0-301F-11D3-BF4B-00C04F79EFBC}") = "Tyuiu.TkachukSS.Sprint1.Task2.V0.Lib", "Tyuiu.TkachukSS.Sprint1.Task2.V0.Lib\Tyuiu.TkachukSS.Sprint1.Task2.V0.Lib.csproj", "{045FEC87-C50C-4833-BCCC-CD3C7A3D386E}"
EndProject
Project("{2150E333-8FDC-42A3-9474-1A3956D46DE8}") = "Task3", "Task3", "{06F53CD5-46CF-409D-8EE5-952A6926B3D4}"
EndProject
Project("{FAE04EC0-301F-11D3-BF4B-00C04F79EFBC}") = "Tyuiu.TkachukSS.Sprint1.Task3.V0", "Tyuiu.TkachukSS.Sprint1.Task3.V0\Tyuiu.TkachukSS.Sprint1.Task3.V0.csproj", "{C82503AF-A8DD-4777-A86F-02DB008A3C4B}"
EndProject
Project("{FAE04EC0-301F-11D3-BF4B-00C04F79EFBC}") = "Tyuiu.TkachukSS.Sprint1.Task3.V0.Lib", "Tyuiu.TkachukSS.Sprint1.Task3.V0.Lib\Tyuiu.TkachukSS.Sprint1.Task3.V0.Lib.csproj", "{B4157F70-16AA-4335-B4B6-5CBEA8FC819B}"
EndProject
Project("{FAE04EC0-301F-11D3-BF4B-00C04F79EFBC}") = "Tyuiu.TkachukSS.Sprint1.Task3.V0.Test", "Tyuiu.TkachukSS.Sprint1.Task3.V0.Test\Tyuiu.TkachukSS.Sprint1.Task3.V0.Test.csproj", "{6DB9385A-5A4D-4545-A446-20D7289BE494}"
EndProject
Project("{2150E333-8FDC-42A3-9474-1A3956D46DE8}") = "Task4", "Task4", "{25FBDC8B-22DF-4146-A817-CD99C0D2E7B2}"
EndProject
Project("{FAE04EC0-301F-11D3-BF4B-00C04F79EFBC}") = "Tyuiu.TkachukSS.Sprint1.Task4.V0", "Tyuiu.TkachukSS.Sprint1.Task4.V0\Tyuiu.TkachukSS.Sprint1.Task4.V0.csproj", "{991B1220-54A0-4E02-82C5-8AB215E1FA1C}"
EndProject
Project("{FAE04EC0-301F-11D3-BF4B-00C04F79EFBC}") = "Tyuiu.TkachukSS.Sprint1.Task4.V0.Lib", "Tyuiu.TkachukSS.Sprint1.Task4.V0.Lib\Tyuiu.TkachukSS.Sprint1.Task4.V0.Lib.csproj", "{985E30CB-0C5B-426E-8706-E48824BC2F31}"
EndProject
Project("{FAE04EC0-301F-11D3-BF4B-00C04F79EFBC}") = "Tyuiu.TkachukSS.Sprint1.Task4.V0.Test", "Tyuiu.TkachukSS.Sprint1.Task4.V0.Test\Tyuiu.TkachukSS.Sprint1.Task4.V0.Test.csproj", "{3C2BF715-FE3F-4B91-835C-51140CC2A279}"
EndProject
Global
	GlobalSection(SolutionConfigurationPlatforms) = preSolution
		Debug|Any CPU = Debug|Any CPU
		Release|Any CPU = Release|Any CPU
	EndGlobalSection
	GlobalSection(ProjectConfigurationPlatforms) = postSolution
		{49D0D3CD-543E-447B-AC63-E4519141332F}.Debug|Any CPU.ActiveCfg = Debug|Any CPU
		{49D0D3CD-543E-447B-AC63-E4519141332F}.Debug|Any CPU.Build.0 = Debug|Any CPU
		{49D0D3CD-543E-447B-AC63-E4519141332F}.Release|Any CPU.ActiveCfg = Release|Any CPU
		{49D0D3CD-543E-447B-AC63-E4519141332F}.Release|Any CPU.Build.0 = Release|Any CPU
		{67F05D33-50F1-4253-8319-21A674A035ED}.Debug|Any CPU.ActiveCfg = Debug|Any CPU
		{67F05D33-50F1-4253-8319-21A674A035ED}.Debug|Any CPU.Build.0 = Debug|Any CPU
		{67F05D33-50F1-4253-8319-21A674A035ED}.Release|Any CPU.ActiveCfg = Release|Any CPU
		{67F05D33-50F1-4253-8319-21A674A035ED}.Release|Any CPU.Build.0 = Release|Any CPU
		{42195E5E-91E4-4D88-9DFE-CF362EF775BF}.Debug|Any CPU.ActiveCfg = Debug|Any CPU
		{42195E5E-91E4-4D88-9DFE-CF362EF775BF}.Debug|Any CPU.Build.0 = Debug|Any CPU
		{42195E5E-91E4-4D88-9DFE-CF362EF775BF}.Release|Any CPU.ActiveCfg = Release|Any CPU
		{42195E5E-91E4-4D88-9DFE-CF362EF775BF}.Release|Any CPU.Build.0 = Release|Any CPU
		{B53D190B-0892-4A1D-A9FE-596C553EBBF5}.Debug|Any CPU.ActiveCfg = Debug|Any CPU
		{B53D190B-0892-4A1D-A9FE-596C553EBBF5}.Debug|Any CPU.Build.0 = Debug|Any CPU
		{B53D190B-0892-4A1D-A9FE-596C553EBBF5}.Release|Any CPU.ActiveCfg = Release|Any CPU
		{B53D190B-0892-4A1D-A9FE-596C553EBBF5}.Release|Any CPU.Build.0 = Release|Any CPU
		{8BB8E106-AF4A-4B53-BBBA-1739C569A74C}.Debug|Any CPU.ActiveCfg = Debug|Any CPU
		{8BB8E106-AF4A-4B53-BBBA-1739C569A74C}.Debug|Any CPU.Build.0 = Debug|Any CPU
		{8BB8E106-AF4A-4B53-BBBA-1739C569A74C}.Release|Any CPU.ActiveCfg = Release|Any CPU
		{8BB8E106-AF4A-4B53-BBBA-1739C569A74C}.Release|Any CPU.Build.0 = Release|Any CPU
		{4CEBC941-D024-4758-9D33-C57C9A348D89}.Debug|Any CPU.ActiveCfg = Debug|Any CPU
		{4CEBC941-D024-4758-9D33-C57C9A348D89}.Debug|Any CPU.Build.0 = Debug|Any CPU
		{4CEBC941-D024-4758-9D33-C57C9A348D89}.Release|Any CPU.ActiveCfg = Release|Any CPU
		{4CEBC941-D024-4758-9D33-C57C9A348D89}.Release|Any CPU.Build.0 = Release|Any CPU
		{5F8191E0-6BA0-4886-B5EA-075A37EC59DE}.Debug|Any CPU.ActiveCfg = Debug|Any CPU
		{5F8191E0-6BA0-4886-B5EA-075A37EC59DE}.Debug|Any CPU.Build.0 = Debug|Any CPU
		{5F8191E0-6BA0-4886-B5EA-075A37EC59DE}.Release|Any CPU.ActiveCfg = Release|Any CPU
		{5F8191E0-6BA0-4886-B5EA-075A37EC59DE}.Release|Any CPU.Build.0 = Release|Any CPU
		{2CE907B6-C7C8-491C-B156-B72A9853B26B}.Debug|Any CPU.ActiveCfg = Debug|Any CPU
		{2CE907B6-C7C8-491C-B156-B72A9853B26B}.Debug|Any CPU.Build.0 = Debug|Any CPU
		{2CE907B6-C7C8-491C-B156-B72A9853B26B}.Release|Any CPU.ActiveCfg = Release|Any CPU
		{2CE907B6-C7C8-491C-B156-B72A9853B26B}.Release|Any CPU.Build.0 = Release|Any CPU
		{045FEC87-C50C-4833-BCCC-CD3C7A3D386E}.Debug|Any CPU.ActiveCfg = Debug|Any CPU
		{045FEC87-C50C-4833-BCCC-CD3C7A3D386E}.Debug|Any CPU.Build.0 = Debug|Any CPU
		{045FEC87-C50C-4833-BCCC-CD3C7A3D386E}.Release|Any CPU.ActiveCfg = Release|Any CPU
		{045FEC87-C50C-4833-BCCC-CD3C7A3D386E}.Release|Any CPU.Build.0 = Release|Any CPU
		{C82503AF-A8DD-4777-A86F-02DB008A3C4B}.Debug|Any CPU.ActiveCfg = Debug|Any CPU
		{C82503AF-A8DD-4777-A86F-02DB008A3C4B}.Debug|Any CPU.Build.0 = Debug|Any CPU
		{C82503AF-A8DD-4777-A86F-02DB008A3C4B}.Release|Any CPU.ActiveCfg = Release|Any CPU
		{C82503AF-A8DD-4777-A86F-02DB008A3C4B}.Release|Any CPU.Build.0 = Release|Any CPU
		{B4157F70-16AA-4335-B4B6-5CBEA8FC819B}.Debug|Any CPU.ActiveCfg = Debug|Any CPU
		{B4157F70-16AA-4335-B4B6-5CBEA8FC819B}.Debug|Any CPU.Build.0 = Debug|Any CPU
		{B4157F70-16AA-4335-B4B6-5CBEA8FC819B}.Release|Any CPU.ActiveCfg = Release|Any CPU
		{B4157F70-16AA-4335-B4B6-5CBEA8FC819B}.Release|Any CPU.Build.0 = Release|Any CPU
		{6DB9385A-5A4D-4545-A446-20D7289BE494}.Debug|Any CPU.ActiveCfg = Debug|Any CPU
		{6DB9385A-5A4D-4545-A446-20D7289BE494}.Debug|Any CPU.Build.0 = Debug|Any CPU
		{6DB9385A-5A4D-4545-A446-20D7289BE494}.Release|Any CPU.ActiveCfg = Release|Any CPU
		{6DB9385A-5A4D-4545-A446-20D7289BE494}.Release|Any CPU.Build.0 = Release|Any CPU
		{991B1220-54A0-4E02-82C5-8AB215E1FA1C}.Debug|Any CPU.ActiveCfg = Debug|Any CPU
		{991B1220-54A0-4E02-82C5-8AB215E1FA1C}.Debug|Any CPU.Build.0 = Debug|Any CPU
		{991B1220-54A0-4E02-82C5-8AB215E1FA1C}.Release|Any CPU.ActiveCfg = Release|Any CPU
		{991B1220-54A0-4E02-82C5-8AB215E1FA1C}.Release|Any CPU.Build.0 = Release|Any CPU
		{985E30CB-0C5B-426E-8706-E48824BC2F31}.Debug|Any CPU.ActiveCfg = Debug|Any CPU
		{985E30CB-0C5B-426E-8706-E48824BC2F31}.Debug|Any CPU.Build.0 = Debug|Any CPU
		{985E30CB-0C5B-426E-8706-E48824BC2F31}.Release|Any CPU.ActiveCfg = Release|Any CPU
		{985E30CB-0C5B-426E-8706-E48824BC2F31}.Release|Any CPU.Build.0 = Release|Any CPU
		{3C2BF715-FE3F-4B91-835C-51140CC2A279}.Debug|Any CPU.ActiveCfg = Debug|Any CPU
		{3C2BF715-FE3F-4B91-835C-51140CC2A279}.Debug|Any CPU.Build.0 = Debug|Any CPU
		{3C2BF715-FE3F-4B91-835C-51140CC2A279}.Release|Any CPU.ActiveCfg = Release|Any CPU
		{3C2BF715-FE3F-4B91-835C-51140CC2A279}.Release|Any CPU.Build.0 = Release|Any CPU
	EndGlobalSection
	GlobalSection(SolutionProperties) = preSolution
		HideSolutionNode = FALSE
	EndGlobalSection
	GlobalSection(NestedProjects) = preSolution
		{49D0D3CD-543E-447B-AC63-E4519141332F} = {5B4828DD-5EDA-4D6F-BF08-1FF880D1A9B2}
		{67F05D33-50F1-4253-8319-21A674A035ED} = {5B4828DD-5EDA-4D6F-BF08-1FF880D1A9B2}
		{42195E5E-91E4-4D88-9DFE-CF362EF775BF} = {5B4828DD-5EDA-4D6F-BF08-1FF880D1A9B2}
		{B53D190B-0892-4A1D-A9FE-596C553EBBF5} = {895423C4-8104-4F27-AE5D-32D9F67E4A83}
		{8BB8E106-AF4A-4B53-BBBA-1739C569A74C} = {895423C4-8104-4F27-AE5D-32D9F67E4A83}
		{4CEBC941-D024-4758-9D33-C57C9A348D89} = {895423C4-8104-4F27-AE5D-32D9F67E4A83}
		{5F8191E0-6BA0-4886-B5EA-075A37EC59DE} = {071760B4-23D9-48C0-87C1-7991097A400B}
		{2CE907B6-C7C8-491C-B156-B72A9853B26B} = {071760B4-23D9-48C0-87C1-7991097A400B}
		{045FEC87-C50C-4833-BCCC-CD3C7A3D386E} = {071760B4-23D9-48C0-87C1-7991097A400B}
		{C82503AF-A8DD-4777-A86F-02DB008A3C4B} = {06F53CD5-46CF-409D-8EE5-952A6926B3D4}
		{B4157F70-16AA-4335-B4B6-5CBEA8FC819B} = {06F53CD5-46CF-409D-8EE5-952A6926B3D4}
		{6DB9385A-5A4D-4545-A446-20D7289BE494} = {06F53CD5-46CF-409D-8EE5-952A6926B3D4}
		{991B1220-54A0-4E02-82C5-8AB215E1FA1C} = {25FBDC8B-22DF-4146-A817-CD99C0D2E7B2}
		{985E30CB-0C5B-426E-8706-E48824BC2F31} = {25FBDC8B-22DF-4146-A817-CD99C0D2E7B2}
		{3C2BF715-FE3F-4B91-835C-51140CC2A279} = {25FBDC8B-22DF-4146-A817-CD99C0D2E7B2}
	EndGlobalSection
	GlobalSection(ExtensibilityGlobals) = postSolution
		SolutionGuid = {522E2512-D6FF-4B1E-AB04-F467C11FE8B7}
	EndGlobalSection
EndGlobal
