
Microsoft Visual Studio Solution File, Format Version 12.00
# Visual Studio Version 16
VisualStudioVersion = 16.0.33927.289
MinimumVisualStudioVersion = 10.0.40219.1
Project("{2150E333-8FDC-42A3-9474-1A3956D46DE8}") = "Task0", "Task0", "{5B4828DD-5EDA-4D6F-BF08-1FF880D1A9B2}"
EndProject
Project("{FAE04EC0-301F-11D3-BF4B-00C04F79EFBC}") = "Tyuiu.TkachukSS.Sprint1.Task0.V0", "Tyuiu.TkachukSS.Sprint1.Task0.V0\Tyuiu.TkachukSS.Sprint1.Task0.V0.csproj", "{49D0D3CD-543E-447B-AC63-E4519141332F}"
EndProject
Project("{FAE04EC0-301F-11D3-BF4B-00C04F79EFBC}") = "Tyuiu.TkachukSS.Sprint1.Task0.V0.Test", "Tyuiu.TkachukSS.Sprint1.Task0.V0.Test\Tyuiu.TkachukSS.Sprint1.Task0.V0.Test.csproj", "{67F05D33-50F1-4253-8319-21A674A035ED}"
EndProject
Project("{FAE04EC0-301F-11D3-BF4B-00C04F79EFBC}") = "Tyuiu.TkachukSS.Sprint1.Task0.V0.Lib", "Tyuiu.TkachukSS.Sprint1.Task0.V0.Lib\Tyuiu.TkachukSS.Sprint1.Task0.V0.Lib.csproj", "{42195E5E-91E4-4D88-9DFE-CF362EF775BF}"
EndProject
Project("{2150E333-8FDC-42A3-9474-1A3956D46DE8}") = "Task1", "Task1", "{895423C4-8104-4F27-AE5D-32D9F67E4A83}"
EndProject
Project("{FAE04EC0-301F-11D3-BF4B-00C04F79EFBC}") = "Tyuiu.TkachukSS.Sprint1.Task1.V0", "Tyuiu.TkachukSS.Sprint1.Task1.V0\Tyuiu.TkachukSS.Sprint1.Task1.V0.csproj", "{B53D190B-0892-4A1D-A9FE-596C553EBBF5}"
EndProject
Project("{FAE04EC0-301F-11D3-BF4B-00C04F79EFBC}") = "Tyuiu.TkachukSS.Sprint1.Task1.V0.Lib", "Tyuiu.TkachukSS.Sprint1.Task1.V0.Lib\Tyuiu.TkachukSS.Sprint1.Task1.V0.Lib.csproj", "{8BB8E106-AF4A-4B53-BBBA-1739C569A74C}"
EndProject
Project("{FAE04EC0-301F-11D3-BF4B-00C04F79EFBC}") = "Tyuiu.TkachukSS.Sprint1.Task1.V0.Test", "Tyuiu.TkachukSS.Sprint1.Task1.V0.Test\Tyuiu.TkachukSS.Sprint1.Task1.V0.Test.csproj", "{4CEBC941-D024-4758-9D33-C57C9A348D89}"
EndProject
Global
	GlobalSection(SolutionConfigurationPlatforms) = preSolution
		Debug|Any CPU = Debug|Any CPU
		Release|Any CPU = Release|Any CPU
	EndGlobalSection
	GlobalSection(ProjectConfigurationPlatforms) = postSolution
		{49D0D3CD-543E-447B-AC63-E4519141332F}.Debug|Any CPU.ActiveCfg = Debug|Any CPU
		{49D0D3CD-543E-447B-AC63-E4519141332F}.Debug|Any CPU.Build.0 = Debug|Any CPU
		{49D0D3CD-543E-447B-AC63-E4519141332F}.Release|Any CPU.ActiveCfg = Release|Any CPU
		{49D0D3CD-543E-447B-AC63-E4519141332F}.Release|Any CPU.Build.0 = Release|Any CPU
		{67F05D33-50F1-4253-8319-21A674A035ED}.Debug|Any CPU.ActiveCfg = Debug|Any CPU
		{67F05D33-50F1-4253-8319-21A674A035ED}.Debug|Any CPU.Build.0 = Debug|Any CPU
		{67F05D33-50F1-4253-8319-21A674A035ED}.Release|Any CPU.ActiveCfg = Release|Any CPU
		{67F05D33-50F1-4253-8319-21A674A035ED}.Release|Any CPU.Build.0 = Release|Any CPU
		{42195E5E-91E4-4D88-9DFE-CF362EF775BF}.Debug|Any CPU.ActiveCfg = Debug|Any CPU
		{42195E5E-91E4-4D88-9DFE-CF362EF775BF}.Debug|Any CPU.Build.0 = Debug|Any CPU
		{42195E5E-91E4-4D88-9DFE-CF362EF775BF}.Release|Any CPU.ActiveCfg = Release|Any CPU
		{42195E5E-91E4-4D88-9DFE-CF362EF775BF}.Release|Any CPU.Build.0 = Release|Any CPU
		{B53D190B-0892-4A1D-A9FE-596C553EBBF5}.Debug|Any CPU.ActiveCfg = Debug|Any CPU
		{B53D190B-0892-4A1D-A9FE-596C553EBBF5}.Debug|Any CPU.Build.0 = Debug|Any CPU
		{B53D190B-0892-4A1D-A9FE-596C553EBBF5}.Release|Any CPU.ActiveCfg = Release|Any CPU
		{B53D190B-0892-4A1D-A9FE-596C553EBBF5}.Release|Any CPU.Build.0 = Release|Any CPU
		{8BB8E106-AF4A-4B53-BBBA-1739C569A74C}.Debug|Any CPU.ActiveCfg = Debug|Any CPU
		{8BB8E106-AF4A-4B53-BBBA-1739C569A74C}.Debug|Any CPU.Build.0 = Debug|Any CPU
		{8BB8E106-AF4A-4B53-BBBA-1739C569A74C}.Release|Any CPU.ActiveCfg = Release|Any CPU
		{8BB8E106-AF4A-4B53-BBBA-1739C569A74C}.Release|Any CPU.Build.0 = Release|Any CPU
		{4CEBC941-D024-4758-9D33-C57C9A348D89}.Debug|Any CPU.ActiveCfg = Debug|Any CPU
		{4CEBC941-D024-4758-9D33-C57C9A348D89}.Debug|Any CPU.Build.0 = Debug|Any CPU
		{4CEBC941-D024-4758-9D33-C57C9A348D89}.Release|Any CPU.ActiveCfg = Release|Any CPU
		{4CEBC941-D024-4758-9D33-C57C9A348D89}.Release|Any CPU.Build.0 = Release|Any CPU
	EndGlobalSection
	GlobalSection(SolutionProperties) = preSolution
		HideSolutionNode = FALSE
	EndGlobalSection
	GlobalSection(NestedProjects) = preSolution
		{49D0D3CD-543E-447B-AC63-E4519141332F} = {5B4828DD-5EDA-4D6F-BF08-1FF880D1A9B2}
		{67F05D33-50F1-4253-8319-21A674A035ED} = {5B4828DD-5EDA-4D6F-BF08-1FF880D1A9B2}
		{42195E5E-91E4-4D88-9DFE-CF362EF775BF} = {5B4828DD-5EDA-4D6F-BF08-1FF880D1A9B2}
		{B53D190B-0892-4A1D-A9FE-596C553EBBF5} = {895423C4-8104-4F27-AE5D-32D9F67E4A83}
		{8BB8E106-AF4A-4B53-BBBA-1739C569A74C} = {895423C4-8104-4F27-AE5D-32D9F67E4A83}
		{4CEBC941-D024-4758-9D33-C57C9A348D89} = {895423C4-8104-4F27-AE5D-32D9F67E4A83}
	EndGlobalSection
	GlobalSection(ExtensibilityGlobals) = postSolution
		SolutionGuid = {522E2512-D6FF-4B1E-AB04-F467C11FE8B7}
	EndGlobalSection
EndGlobal
